
Microsoft Visual Studio Solution File, Format Version 12.00
# Visual Studio Version 16
VisualStudioVersion = 16.0.32510.428
MinimumVisualStudioVersion = 10.0.40219.1
Project("{FAE04EC0-301F-11D3-BF4B-00C04F79EFBC}") = "Meller_UNIT", "Meller_UNIT\Meller_UNIT.csproj", "{FB0DD5B7-710A-415F-A702-B3C4B236F1B9}"
EndProject
Project("{FAE04EC0-301F-11D3-BF4B-00C04F79EFBC}") = "TestProject1", "TestProject1\TestProject1.csproj", "{B6FC7B4D-7502-4FF5-893C-94555AB9B8A4}"
EndProject
Global
	GlobalSection(SolutionConfigurationPlatforms) = preSolution
		Debug|Any CPU = Debug|Any CPU
		Release|Any CPU = Release|Any CPU
	EndGlobalSection
	GlobalSection(ProjectConfigurationPlatforms) = postSolution
		{FB0DD5B7-710A-415F-A702-B3C4B236F1B9}.Debug|Any CPU.ActiveCfg = Debug|Any CPU
		{FB0DD5B7-710A-415F-A702-B3C4B236F1B9}.Debug|Any CPU.Build.0 = Debug|Any CPU
		{FB0DD5B7-710A-415F-A702-B3C4B236F1B9}.Release|Any CPU.ActiveCfg = Release|Any CPU
		{FB0DD5B7-710A-415F-A702-B3C4B236F1B9}.Release|Any CPU.Build.0 = Release|Any CPU
		{B6FC7B4D-7502-4FF5-893C-94555AB9B8A4}.Debug|Any CPU.ActiveCfg = Debug|Any CPU
		{B6FC7B4D-7502-4FF5-893C-94555AB9B8A4}.Debug|Any CPU.Build.0 = Debug|Any CPU
		{B6FC7B4D-7502-4FF5-893C-94555AB9B8A4}.Release|Any CPU.ActiveCfg = Release|Any CPU
		{B6FC7B4D-7502-4FF5-893C-94555AB9B8A4}.Release|Any CPU.Build.0 = Release|Any CPU
	EndGlobalSection
	GlobalSection(SolutionProperties) = preSolution
		HideSolutionNode = FALSE
	EndGlobalSection
	GlobalSection(ExtensibilityGlobals) = postSolution
		SolutionGuid = {AAA85FFC-118C-4A63-9129-03321543FFFF}
	EndGlobalSection
EndGlobal
